{
    "id": null,
    "business_logo": null,
    "owner": 1,
    "name": "takudzwa",
    "description": "tongoona",
    "email": "tk@gmail.com",
    "address": "Local address",
    "location": 1,
    "phone": "9829928",
    "category": 1,
    "contact_person": [
{
"first_name":"takudzwa",
"last_name":"tongoona",
"phone":"077698282"}
],
    "directors": [
{
"first_name":"takudzwa",
"last_name":"tongoona",
"about_director":"Chibaba",
"social_links":"jshhsjs"}
]
}